
Microsoft Visual Studio Solution File, Format Version 12.00
# Visual Studio Version 17
VisualStudioVersion = 17.5.002.0
MinimumVisualStudioVersion = 10.0.40219.1
Project("{9A19103F-16F7-4668-BE54-9A1E7A4F7556}") = "PizzaStore", "PizzaStore-Cors\PizzaStore.csproj", "{FAD57B04-1472-4FC9-B823-E5FDAC5A4B79}"
EndProject
Project("{9A19103F-16F7-4668-BE54-9A1E7A4F7556}") = "PizzaStore (1)", "PizzaStore\PizzaStore.csproj", "{E7EBBB02-BA50-4058-92A4-F3420F73CEB1}"
EndProject
Global
	GlobalSection(SolutionConfigurationPlatforms) = preSolution
		Debug|Any CPU = Debug|Any CPU
		Release|Any CPU = Release|Any CPU
	EndGlobalSection
	GlobalSection(ProjectConfigurationPlatforms) = postSolution
		{FAD57B04-1472-4FC9-B823-E5FDAC5A4B79}.Debug|Any CPU.ActiveCfg = Debug|Any CPU
		{FAD57B04-1472-4FC9-B823-E5FDAC5A4B79}.Debug|Any CPU.Build.0 = Debug|Any CPU
		{FAD57B04-1472-4FC9-B823-E5FDAC5A4B79}.Release|Any CPU.ActiveCfg = Release|Any CPU
		{FAD57B04-1472-4FC9-B823-E5FDAC5A4B79}.Release|Any CPU.Build.0 = Release|Any CPU
		{E7EBBB02-BA50-4058-92A4-F3420F73CEB1}.Debug|Any CPU.ActiveCfg = Debug|Any CPU
		{E7EBBB02-BA50-4058-92A4-F3420F73CEB1}.Debug|Any CPU.Build.0 = Debug|Any CPU
		{E7EBBB02-BA50-4058-92A4-F3420F73CEB1}.Release|Any CPU.ActiveCfg = Release|Any CPU
		{E7EBBB02-BA50-4058-92A4-F3420F73CEB1}.Release|Any CPU.Build.0 = Release|Any CPU
	EndGlobalSection
	GlobalSection(SolutionProperties) = preSolution
		HideSolutionNode = FALSE
	EndGlobalSection
	GlobalSection(ExtensibilityGlobals) = postSolution
		SolutionGuid = {14CC9636-04F6-4E3D-BD9F-C0858F708311}
	EndGlobalSection
EndGlobal
